// !$*UTF8*$!
{
	archiveVersion = 1;
	classes = {
	};
	objectVersion = 77;
	objects = {

/* Begin PBXBuildFile section */
		DE2C6F8B304CB5AF00F657DA /* WidgetKit.framework in Frameworks */ = {isa = PBXBuildFile; fileRef = DE2C6F8A304CB5AF00F657DA /* WidgetKit.framework */; };
		DE2C6F8D304CB5AF00F657DA /* SwiftUI.framework in Frameworks */ = {isa = PBXBuildFile; fileRef = DE2C6F8C304CB5AF00F657DA /* SwiftUI.framework */; };
		DE2C6F9C304CB5B000F657DA /* PassportWidgetExtension.appex in Embed Foundation Extensions */ = {isa = PBXBuildFile; fileRef = DE2C6F88304CB5AF00F657DA /* PassportWidgetExtension.appex */; settings = {ATTRIBUTES = (RemoveHeadersOnCopy, ); }; };
		DE2C6FCB304D06FD00F657DA /* BuildingRegistryTests.swift in Sources */ = {isa = PBXBuildFile; fileRef = DE2C6FB6304D059900F657DA /* BuildingRegistryTests.swift */; };
		DE2C6FCC304D070300F657DA /* ProgressAndDetailsTests.swift in Sources */ = {isa = PBXBuildFile; fileRef = DE2C6FB7304D059900F657DA /* ProgressAndDetailsTests.swift */; };
		DE2C6FCD304D070900F657DA /* RegistryDecodeTests.swift in Sources */ = {isa = PBXBuildFile; fileRef = DE2C6FB8304D059900F657DA /* RegistryDecodeTests.swift */; };
		DE2C6FE8304D222900F657DA /* WeatherKit.framework in Frameworks */ = {isa = PBXBuildFile; fileRef = DE2C6FE7304D222900F657DA /* WeatherKit.framework */; };
/* End PBXBuildFile section */

/* Begin PBXContainerItemProxy section */
		DE2C6F9A304CB5B000F657DA /* PBXContainerItemProxy */ = {
			isa = PBXContainerItemProxy;
			containerPortal = DE4ECE242F4F65D600D107CF /* Project object */;
			proxyType = 1;
			remoteGlobalIDString = DE2C6F87304CB5AF00F657DA;
			remoteInfo = PassportWidgetExtension;
		};
		DE2C6FC6304D06E700F657DA /* PBXContainerItemProxy */ = {
			isa = PBXContainerItemProxy;
			containerPortal = DE4ECE242F4F65D600D107CF /* Project object */;
			proxyType = 1;
			remoteGlobalIDString = DE4ECE2B2F4F65D600D107CF;
			remoteInfo = "Stamped! A City Passport";
		};
/* End PBXContainerItemProxy section */

/* Begin PBXCopyFilesBuildPhase section */
		DE2C6F9D304CB5B000F657DA /* Embed Foundation Extensions */ = {
			isa = PBXCopyFilesBuildPhase;
			buildActionMask = 2147483647;
			dstPath = "";
			dstSubfolderSpec = 13;
			files = (
				DE2C6F9C304CB5B000F657DA /* PassportWidgetExtension.appex in Embed Foundation Extensions */,
			);
			name = "Embed Foundation Extensions";
			runOnlyForDeploymentPostprocessing = 0;
		};
/* End PBXCopyFilesBuildPhase section */

/* Begin PBXFileReference section */
		DE2C6F88304CB5AF00F657DA /* PassportWidgetExtension.appex */ = {isa = PBXFileReference; explicitFileType = "wrapper.app-extension"; includeInIndex = 0; path = PassportWidgetExtension.appex; sourceTree = BUILT_PRODUCTS_DIR; };
		DE2C6F8A304CB5AF00F657DA /* WidgetKit.framework */ = {isa = PBXFileReference; lastKnownFileType = wrapper.framework; name = WidgetKit.framework; path = System/Library/Frameworks/WidgetKit.framework; sourceTree = SDKROOT; };
		DE2C6F8C304CB5AF00F657DA /* SwiftUI.framework */ = {isa = PBXFileReference; lastKnownFileType = wrapper.framework; name = SwiftUI.framework; path = System/Library/Frameworks/SwiftUI.framework; sourceTree = SDKROOT; };
		DE2C6FA3304CB72F00F657DA /* PassportWidgetExtension.entitlements */ = {isa = PBXFileReference; lastKnownFileType = text.plist.entitlements; path = PassportWidgetExtension.entitlements; sourceTree = "<group>"; };
		DE2C6FB6304D059900F657DA /* BuildingRegistryTests.swift */ = {isa = PBXFileReference; lastKnownFileType = sourcecode.swift; path = BuildingRegistryTests.swift; sourceTree = "<group>"; };
		DE2C6FB7304D059900F657DA /* ProgressAndDetailsTests.swift */ = {isa = PBXFileReference; lastKnownFileType = sourcecode.swift; path = ProgressAndDetailsTests.swift; sourceTree = "<group>"; };
		DE2C6FB8304D059900F657DA /* RegistryDecodeTests.swift */ = {isa = PBXFileReference; lastKnownFileType = sourcecode.swift; path = RegistryDecodeTests.swift; sourceTree = "<group>"; };
		DE2C6FC2304D06E700F657DA /* StampedTests.xctest */ = {isa = PBXFileReference; explicitFileType = wrapper.cfbundle; includeInIndex = 0; path = StampedTests.xctest; sourceTree = BUILT_PRODUCTS_DIR; };
		DE2C6FE7304D222900F657DA /* WeatherKit.framework */ = {isa = PBXFileReference; lastKnownFileType = wrapper.framework; name = WeatherKit.framework; path = System/Library/Frameworks/WeatherKit.framework; sourceTree = SDKROOT; };
		DE4ECE2C2F4F65D600D107CF /* Stamped!.app */ = {isa = PBXFileReference; explicitFileType = wrapper.application; includeInIndex = 0; path = "Stamped!.app"; sourceTree = BUILT_PRODUCTS_DIR; };
/* End PBXFileReference section */

/* Begin PBXFileSystemSynchronizedBuildFileExceptionSet section */
		DE2C6FA0304CB5B000F657DA /* Exceptions for "PassportWidget" folder in "PassportWidgetExtension" target */ = {
			isa = PBXFileSystemSynchronizedBuildFileExceptionSet;
			membershipExceptions = (
				Info.plist,
			);
			target = DE2C6F87304CB5AF00F657DA /* PassportWidgetExtension */;
		};
/* End PBXFileSystemSynchronizedBuildFileExceptionSet section */

/* Begin PBXFileSystemSynchronizedRootGroup section */
		DE2C6F8E304CB5AF00F657DA /* PassportWidget */ = {
			isa = PBXFileSystemSynchronizedRootGroup;
			exceptions = (
				DE2C6FA0304CB5B000F657DA /* Exceptions for "PassportWidget" folder in "PassportWidgetExtension" target */,
			);
			path = PassportWidget;
			sourceTree = "<group>";
		};
		DE2C6FC3304D06E700F657DA /* StampedTests */ = {
			isa = PBXFileSystemSynchronizedRootGroup;
			path = StampedTests;
			sourceTree = "<group>";
		};
		DE4ECE2E2F4F65D600D107CF /* Stamped! A City Passport */ = {
			isa = PBXFileSystemSynchronizedRootGroup;
			path = "Stamped! A City Passport";
			sourceTree = "<group>";
		};
/* End PBXFileSystemSynchronizedRootGroup section */

/* Begin PBXFrameworksBuildPhase section */
		DE2C6F85304CB5AF00F657DA /* Frameworks */ = {
			isa = PBXFrameworksBuildPhase;
			buildActionMask = 2147483647;
			files = (
				DE2C6F8D304CB5AF00F657DA /* SwiftUI.framework in Frameworks */,
				DE2C6F8B304CB5AF00F657DA /* WidgetKit.framework in Frameworks */,
			);
			runOnlyForDeploymentPostprocessing = 0;
		};
		DE2C6FBF304D06E700F657DA /* Frameworks */ = {
			isa = PBXFrameworksBuildPhase;
			buildActionMask = 2147483647;
			files = (
			);
			runOnlyForDeploymentPostprocessing = 0;
		};
		DE4ECE292F4F65D600D107CF /* Frameworks */ = {
			isa = PBXFrameworksBuildPhase;
			buildActionMask = 2147483647;
			files = (
				DE2C6FE8304D222900F657DA /* WeatherKit.framework in Frameworks */,
			);
			runOnlyForDeploymentPostprocessing = 0;
		};
/* End PBXFrameworksBuildPhase section */

/* Begin PBXGroup section */
		DE2C6F89304CB5AF00F657DA /* Frameworks */ = {
			isa = PBXGroup;
			children = (
				DE2C6FE7304D222900F657DA /* WeatherKit.framework */,
				DE2C6FBA304D059900F657DA /* Tests */,
				DE2C6F8A304CB5AF00F657DA /* WidgetKit.framework */,
				DE2C6F8C304CB5AF00F657DA /* SwiftUI.framework */,
			);
			name = Frameworks;
			sourceTree = "<group>";
		};
		DE2C6FB9304D059900F657DA /* RegistryTests */ = {
			isa = PBXGroup;
			children = (
				DE2C6FB6304D059900F657DA /* BuildingRegistryTests.swift */,
				DE2C6FB7304D059900F657DA /* ProgressAndDetailsTests.swift */,
				DE2C6FB8304D059900F657DA /* RegistryDecodeTests.swift */,
			);
			path = RegistryTests;
			sourceTree = "<group>";
		};
		DE2C6FBA304D059900F657DA /* Tests */ = {
			isa = PBXGroup;
			children = (
				DE2C6FB9304D059900F657DA /* RegistryTests */,
			);
			path = Tests;
			sourceTree = "<group>";
		};
		DE4ECE232F4F65D600D107CF = {
			isa = PBXGroup;
			children = (
				DE2C6FA3304CB72F00F657DA /* PassportWidgetExtension.entitlements */,
				DE4ECE2E2F4F65D600D107CF /* Stamped! A City Passport */,
				DE2C6F8E304CB5AF00F657DA /* PassportWidget */,
				DE2C6FC3304D06E700F657DA /* StampedTests */,
				DE2C6F89304CB5AF00F657DA /* Frameworks */,
				DE4ECE2D2F4F65D600D107CF /* Products */,
			);
			sourceTree = "<group>";
		};
		DE4ECE2D2F4F65D600D107CF /* Products */ = {
			isa = PBXGroup;
			children = (
				DE4ECE2C2F4F65D600D107CF /* Stamped!.app */,
				DE2C6F88304CB5AF00F657DA /* PassportWidgetExtension.appex */,
				DE2C6FC2304D06E700F657DA /* StampedTests.xctest */,
			);
			name = Products;
			sourceTree = "<group>";
		};
/* End PBXGroup section */

/* Begin PBXNativeTarget section */
		DE2C6F87304CB5AF00F657DA /* PassportWidgetExtension */ = {
			isa = PBXNativeTarget;
			buildConfigurationList = DE2C6FA1304CB5B000F657DA /* Build configuration list for PBXNativeTarget "PassportWidgetExtension" */;
			buildPhases = (
				DE2C6F84304CB5AF00F657DA /* Sources */,
				DE2C6F85304CB5AF00F657DA /* Frameworks */,
				DE2C6F86304CB5AF00F657DA /* Resources */,
			);
			buildRules = (
			);
			dependencies = (
			);
			fileSystemSynchronizedGroups = (
				DE2C6F8E304CB5AF00F657DA /* PassportWidget */,
			);
			name = PassportWidgetExtension;
			packageProductDependencies = (
			);
			productName = PassportWidgetExtension;
			productReference = DE2C6F88304CB5AF00F657DA /* PassportWidgetExtension.appex */;
			productType = "com.apple.product-type.app-extension";
		};
		DE2C6FC1304D06E700F657DA /* StampedTests */ = {
			isa = PBXNativeTarget;
			buildConfigurationList = DE2C6FC8304D06E700F657DA /* Build configuration list for PBXNativeTarget "StampedTests" */;
			buildPhases = (
				DE2C6FBE304D06E700F657DA /* Sources */,
				DE2C6FBF304D06E700F657DA /* Frameworks */,
				DE2C6FC0304D06E700F657DA /* Resources */,
			);
			buildRules = (
			);
			dependencies = (
				DE2C6FC7304D06E700F657DA /* PBXTargetDependency */,
			);
			fileSystemSynchronizedGroups = (
				DE2C6FC3304D06E700F657DA /* StampedTests */,
			);
			name = StampedTests;
			packageProductDependencies = (
			);
			productName = StampedTests;
			productReference = DE2C6FC2304D06E700F657DA /* StampedTests.xctest */;
			productType = "com.apple.product-type.bundle.unit-test";
		};
		DE4ECE2B2F4F65D600D107CF /* Stamped! A City Passport */ = {
			isa = PBXNativeTarget;
			buildConfigurationList = DE4ECE372F4F65D700D107CF /* Build configuration list for PBXNativeTarget "Stamped! A City Passport" */;
			buildPhases = (
				DE4ECE282F4F65D600D107CF /* Sources */,
				DE4ECE292F4F65D600D107CF /* Frameworks */,
				DE4ECE2A2F4F65D600D107CF /* Resources */,
				DE2C6F9D304CB5B000F657DA /* Embed Foundation Extensions */,
			);
			buildRules = (
			);
			dependencies = (
				DE2C6F9B304CB5B000F657DA /* PBXTargetDependency */,
			);
			fileSystemSynchronizedGroups = (
				DE4ECE2E2F4F65D600D107CF /* Stamped! A City Passport */,
			);
			name = "Stamped! A City Passport";
			packageProductDependencies = (
			);
			productName = "Stamped! A City Passport";
			productReference = DE4ECE2C2F4F65D600D107CF /* Stamped!.app */;
			productType = "com.apple.product-type.application";
		};
/* End PBXNativeTarget section */

/* Begin PBXProject section */
		DE4ECE242F4F65D600D107CF /* Project object */ = {
			isa = PBXProject;
			attributes = {
				BuildIndependentTargetsInParallel = 1;
				LastSwiftUpdateCheck = 2640;
				LastUpgradeCheck = 2620;
				TargetAttributes = {
					DE2C6F87304CB5AF00F657DA = {
						CreatedOnToolsVersion = 26.4.1;
					};
					DE2C6FC1304D06E700F657DA = {
						CreatedOnToolsVersion = 26.4.1;
						TestTargetID = DE4ECE2B2F4F65D600D107CF;
					};
					DE4ECE2B2F4F65D600D107CF = {
						CreatedOnToolsVersion = 26.2;
					};
				};
			};
			buildConfigurationList = DE4ECE272F4F65D600D107CF /* Build configuration list for PBXProject "Stamped! A City Passport" */;
			developmentRegion = en;
			hasScannedForEncodings = 0;
			knownRegions = (
				en,
				Base,
				de,
				es,
				fr,
				it,
				ja,
				ko,
				pt,
				"zh-Hans",
			);
			mainGroup = DE4ECE232F4F65D600D107CF;
			minimizedProjectReferenceProxies = 1;
			preferredProjectObjectVersion = 77;
			productRefGroup = DE4ECE2D2F4F65D600D107CF /* Products */;
			projectDirPath = "";
			projectRoot = "";
			targets = (
				DE4ECE2B2F4F65D600D107CF /* Stamped! A City Passport */,
				DE2C6F87304CB5AF00F657DA /* PassportWidgetExtension */,
				DE2C6FC1304D06E700F657DA /* StampedTests */,
			);
		};
/* End PBXProject section */

/* Begin PBXResourcesBuildPhase section */
		DE2C6F86304CB5AF00F657DA /* Resources */ = {
			isa = PBXResourcesBuildPhase;
			buildActionMask = 2147483647;
			files = (
			);
			runOnlyForDeploymentPostprocessing = 0;
		};
		DE2C6FC0304D06E700F657DA /* Resources */ = {
			isa = PBXResourcesBuildPhase;
			buildActionMask = 2147483647;
			files = (
			);
			runOnlyForDeploymentPostprocessing = 0;
		};
		DE4ECE2A2F4F65D600D107CF /* Resources */ = {
			isa = PBXResourcesBuildPhase;
			buildActionMask = 2147483647;
			files = (
			);
			runOnlyForDeploymentPostprocessing = 0;
		};
/* End PBXResourcesBuildPhase section */

/* Begin PBXSourcesBuildPhase section */
		DE2C6F84304CB5AF00F657DA /* Sources */ = {
			isa = PBXSourcesBuildPhase;
			buildActionMask = 2147483647;
			files = (
			);
			runOnlyForDeploymentPostprocessing = 0;
		};
		DE2C6FBE304D06E700F657DA /* Sources */ = {
			isa = PBXSourcesBuildPhase;
			buildActionMask = 2147483647;
			files = (
				DE2C6FCD304D070900F657DA /* RegistryDecodeTests.swift in Sources */,
				DE2C6FCB304D06FD00F657DA /* BuildingRegistryTests.swift in Sources */,
				DE2C6FCC304D070300F657DA /* ProgressAndDetailsTests.swift in Sources */,
			);
			runOnlyForDeploymentPostprocessing = 0;
		};
		DE4ECE282F4F65D600D107CF /* Sources */ = {
			isa = PBXSourcesBuildPhase;
			buildActionMask = 2147483647;
			files = (
			);
			runOnlyForDeploymentPostprocessing = 0;
		};
/* End PBXSourcesBuildPhase section */

/* Begin PBXTargetDependency section */
		DE2C6F9B304CB5B000F657DA /* PBXTargetDependency */ = {
			isa = PBXTargetDependency;
			target = DE2C6F87304CB5AF00F657DA /* PassportWidgetExtension */;
			targetProxy = DE2C6F9A304CB5B000F657DA /* PBXContainerItemProxy */;
		};
		DE2C6FC7304D06E700F657DA /* PBXTargetDependency */ = {
			isa = PBXTargetDependency;
			target = DE4ECE2B2F4F65D600D107CF /* Stamped! A City Passport */;
			targetProxy = DE2C6FC6304D06E700F657DA /* PBXContainerItemProxy */;
		};
/* End PBXTargetDependency section */

/* Begin XCBuildConfiguration section */
		DE2C6F9E304CB5B000F657DA /* Debug */ = {
			isa = XCBuildConfiguration;
			buildSettings = {
				ASSETCATALOG_COMPILER_GLOBAL_ACCENT_COLOR_NAME = AccentColor;
				ASSETCATALOG_COMPILER_WIDGET_BACKGROUND_COLOR_NAME = WidgetBackground;
				CODE_SIGN_ENTITLEMENTS = PassportWidgetExtension.entitlements;
				CODE_SIGN_STYLE = Automatic;
				CURRENT_PROJECT_VERSION = 1;
				DEVELOPMENT_TEAM = S4RSN4KFD3;
				GENERATE_INFOPLIST_FILE = YES;
				INFOPLIST_FILE = PassportWidget/Info.plist;
				INFOPLIST_KEY_CFBundleDisplayName = PassportWidget;
				INFOPLIST_KEY_NSHumanReadableCopyright = "";
				IPHONEOS_DEPLOYMENT_TARGET = 26.4;
				LD_RUNPATH_SEARCH_PATHS = (
					"$(inherited)",
					"@executable_path/Frameworks",
					"@executable_path/../../Frameworks",
				);
				MARKETING_VERSION = 1.0;
				PRODUCT_BUNDLE_IDENTIFIER = "name.GeorgeClinkscales.Stamped--A-City-Passport.PassportWidget";
				PRODUCT_NAME = "$(TARGET_NAME)";
				SKIP_INSTALL = YES;
				STRING_CATALOG_GENERATE_SYMBOLS = YES;
				SWIFT_APPROACHABLE_CONCURRENCY = YES;
				SWIFT_EMIT_LOC_STRINGS = YES;
				SWIFT_UPCOMING_FEATURE_MEMBER_IMPORT_VISIBILITY = YES;
				SWIFT_VERSION = 5.0;
				TARGETED_DEVICE_FAMILY = "1,2";
			};
			name = Debug;
		};
		DE2C6F9F304CB5B000F657DA /* Release */ = {
			isa = XCBuildConfiguration;
			buildSettings = {
				ASSETCATALOG_COMPILER_GLOBAL_ACCENT_COLOR_NAME = AccentColor;
				ASSETCATALOG_COMPILER_WIDGET_BACKGROUND_COLOR_NAME = WidgetBackground;
				CODE_SIGN_ENTITLEMENTS = PassportWidgetExtension.entitlements;
				CODE_SIGN_STYLE = Automatic;
				CURRENT_PROJECT_VERSION = 1;
				DEVELOPMENT_TEAM = S4RSN4KFD3;
				GENERATE_INFOPLIST_FILE = YES;
				INFOPLIST_FILE = PassportWidget/Info.plist;
				INFOPLIST_KEY_CFBundleDisplayName = PassportWidget;
				INFOPLIST_KEY_NSHumanReadableCopyright = "";
				IPHONEOS_DEPLOYMENT_TARGET = 26.4;
				LD_RUNPATH_SEARCH_PATHS = (
					"$(inherited)",
					"@executable_path/Frameworks",
					"@executable_path/../../Frameworks",
				);
				MARKETING_VERSION = 1.0;
				PRODUCT_BUNDLE_IDENTIFIER = "name.GeorgeClinkscales.Stamped--A-City-Passport.PassportWidget";
				PRODUCT_NAME = "$(TARGET_NAME)";
				SKIP_INSTALL = YES;
				STRING_CATALOG_GENERATE_SYMBOLS = YES;
				SWIFT_APPROACHABLE_CONCURRENCY = YES;
				SWIFT_EMIT_LOC_STRINGS = YES;
				SWIFT_UPCOMING_FEATURE_MEMBER_IMPORT_VISIBILITY = YES;
				SWIFT_VERSION = 5.0;
				TARGETED_DEVICE_FAMILY = "1,2";
			};
			name = Release;
		};
		DE2C6FC9304D06E700F657DA /* Debug */ = {
			isa = XCBuildConfiguration;
			buildSettings = {
				BUNDLE_LOADER = "$(TEST_HOST)";
				CODE_SIGN_STYLE = Automatic;
				CURRENT_PROJECT_VERSION = 1;
				DEVELOPMENT_TEAM = S4RSN4KFD3;
				GENERATE_INFOPLIST_FILE = YES;
				IPHONEOS_DEPLOYMENT_TARGET = 26.4;
				MARKETING_VERSION = 1.0;
				PRODUCT_BUNDLE_IDENTIFIER = "name.GeorgeClinkscales.Stamped--A-City-Passport.StampedTests";
				PRODUCT_NAME = "$(TARGET_NAME)";
				STRING_CATALOG_GENERATE_SYMBOLS = NO;
				SWIFT_APPROACHABLE_CONCURRENCY = YES;
				SWIFT_EMIT_LOC_STRINGS = NO;
				SWIFT_UPCOMING_FEATURE_MEMBER_IMPORT_VISIBILITY = YES;
				SWIFT_VERSION = 5.0;
				TARGETED_DEVICE_FAMILY = "1,2";
				TEST_HOST = "$(BUILT_PRODUCTS_DIR)/Stamped!.app/$(BUNDLE_EXECUTABLE_FOLDER_PATH)/Stamped!";
			};
			name = Debug;
		};
		DE2C6FCA304D06E700F657DA /* Release */ = {
			isa = XCBuildConfiguration;
			buildSettings = {
				BUNDLE_LOADER = "$(TEST_HOST)";
				CODE_SIGN_STYLE = Automatic;
				CURRENT_PROJECT_VERSION = 1;
				DEVELOPMENT_TEAM = S4RSN4KFD3;
				GENERATE_INFOPLIST_FILE = YES;
				IPHONEOS_DEPLOYMENT_TARGET = 26.4;
				MARKETING_VERSION = 1.0;
				PRODUCT_BUNDLE_IDENTIFIER = "name.GeorgeClinkscales.Stamped--A-City-Passport.StampedTests";
				PRODUCT_NAME = "$(TARGET_NAME)";
				STRING_CATALOG_GENERATE_SYMBOLS = NO;
				SWIFT_APPROACHABLE_CONCURRENCY = YES;
				SWIFT_EMIT_LOC_STRINGS = NO;
				SWIFT_UPCOMING_FEATURE_MEMBER_IMPORT_VISIBILITY = YES;
				SWIFT_VERSION = 5.0;
				TARGETED_DEVICE_FAMILY = "1,2";
				TEST_HOST = "$(BUILT_PRODUCTS_DIR)/Stamped!.app/$(BUNDLE_EXECUTABLE_FOLDER_PATH)/Stamped!";
			};
			name = Release;
		};
		DE4ECE352F4F65D700D107CF /* Debug */ = {
			isa = XCBuildConfiguration;
			buildSettings = {
				ALWAYS_SEARCH_USER_PATHS = NO;
				ASSETCATALOG_COMPILER_GENERATE_SWIFT_ASSET_SYMBOL_EXTENSIONS = YES;
				CLANG_ANALYZER_NONNULL = YES;
				CLANG_ANALYZER_NUMBER_OBJECT_CONVERSION = YES_AGGRESSIVE;
				CLANG_CXX_LANGUAGE_STANDARD = "gnu++20";
				CLANG_ENABLE_MODULES = YES;
				CLANG_ENABLE_OBJC_ARC = YES;
				CLANG_ENABLE_OBJC_WEAK = YES;
				CLANG_WARN_BLOCK_CAPTURE_AUTORELEASING = YES;
				CLANG_WARN_BOOL_CONVERSION = YES;
				CLANG_WARN_COMMA = YES;
				CLANG_WARN_CONSTANT_CONVERSION = YES;
				CLANG_WARN_DEPRECATED_OBJC_IMPLEMENTATIONS = YES;
				CLANG_WARN_DIRECT_OBJC_ISA_USAGE = YES_ERROR;
				CLANG_WARN_DOCUMENTATION_COMMENTS = YES;
				CLANG_WARN_EMPTY_BODY = YES;
				CLANG_WARN_ENUM_CONVERSION = YES;
				CLANG_WARN_INFINITE_RECURSION = YES;
				CLANG_WARN_INT_CONVERSION = YES;
				CLANG_WARN_NON_LITERAL_NULL_CONVERSION = YES;
				CLANG_WARN_OBJC_IMPLICIT_RETAIN_SELF = YES;
				CLANG_WARN_OBJC_LITERAL_CONVERSION = YES;
				CLANG_WARN_OBJC_ROOT_CLASS = YES_ERROR;
				CLANG_WARN_QUOTED_INCLUDE_IN_FRAMEWORK_HEADER = YES;
				CLANG_WARN_RANGE_LOOP_ANALYSIS = YES;
				CLANG_WARN_STRICT_PROTOTYPES = YES;
				CLANG_WARN_SUSPICIOUS_MOVE = YES;
				CLANG_WARN_UNGUARDED_AVAILABILITY = YES_AGGRESSIVE;
				CLANG_WARN_UNREACHABLE_CODE = YES;
				CLANG_WARN__DUPLICATE_METHOD_MATCH = YES;
				COPY_PHASE_STRIP = NO;
				DEBUG_INFORMATION_FORMAT = dwarf;
				DEVELOPMENT_TEAM = S4RSN4KFD3;
				ENABLE_STRICT_OBJC_MSGSEND = YES;
				ENABLE_TESTABILITY = YES;
				ENABLE_USER_SCRIPT_SANDBOXING = YES;
				GCC_C_LANGUAGE_STANDARD = gnu17;
				GCC_DYNAMIC_NO_PIC = NO;
				GCC_NO_COMMON_BLOCKS = YES;
				GCC_OPTIMIZATION_LEVEL = 0;
				GCC_PREPROCESSOR_DEFINITIONS = (
					"DEBUG=1",
					"$(inherited)",
				);
				GCC_WARN_64_TO_32_BIT_CONVERSION = YES;
				GCC_WARN_ABOUT_RETURN_TYPE = YES_ERROR;
				GCC_WARN_UNDECLARED_SELECTOR = YES;
				GCC_WARN_UNINITIALIZED_AUTOS = YES_AGGRESSIVE;
				GCC_WARN_UNUSED_FUNCTION = YES;
				GCC_WARN_UNUSED_VARIABLE = YES;
				INFOPLIST_KEY_NSPhotoLibraryUsageDescription = "Allow access to the photo library so you can save and choose landmark photos for your passport.";
				INFOPLIST_KEY_NSSpeechRecognitionUsageDescription = "We use speech recognition to help users answer quiz questions with your voice.";
				IPHONEOS_DEPLOYMENT_TARGET = 26.2;
				LOCALIZATION_PREFERS_STRING_CATALOGS = YES;
				MTL_ENABLE_DEBUG_INFO = INCLUDE_SOURCE;
				MTL_FAST_MATH = YES;
				ONLY_ACTIVE_ARCH = YES;
				SDKROOT = iphoneos;
				SWIFT_ACTIVE_COMPILATION_CONDITIONS = "DEBUG $(inherited)";
				SWIFT_OPTIMIZATION_LEVEL = "-Onone";
			};
			name = Debug;
		};
		DE4ECE362F4F65D700D107CF /* Release */ = {
			isa = XCBuildConfiguration;
			buildSettings = {
				ALWAYS_SEARCH_USER_PATHS = NO;
				ASSETCATALOG_COMPILER_GENERATE_SWIFT_ASSET_SYMBOL_EXTENSIONS = YES;
				CLANG_ANALYZER_NONNULL = YES;
				CLANG_ANALYZER_NUMBER_OBJECT_CONVERSION = YES_AGGRESSIVE;
				CLANG_CXX_LANGUAGE_STANDARD = "gnu++20";
				CLANG_ENABLE_MODULES = YES;
				CLANG_ENABLE_OBJC_ARC = YES;
				CLANG_ENABLE_OBJC_WEAK = YES;
				CLANG_WARN_BLOCK_CAPTURE_AUTORELEASING = YES;
				CLANG_WARN_BOOL_CONVERSION = YES;
				CLANG_WARN_COMMA = YES;
				CLANG_WARN_CONSTANT_CONVERSION = YES;
				CLANG_WARN_DEPRECATED_OBJC_IMPLEMENTATIONS = YES;
				CLANG_WARN_DIRECT_OBJC_ISA_USAGE = YES_ERROR;
				CLANG_WARN_DOCUMENTATION_COMMENTS = YES;
				CLANG_WARN_EMPTY_BODY = YES;
				CLANG_WARN_ENUM_CONVERSION = YES;
				CLANG_WARN_INFINITE_RECURSION = YES;
				CLANG_WARN_INT_CONVERSION = YES;
				CLANG_WARN_NON_LITERAL_NULL_CONVERSION = YES;
				CLANG_WARN_OBJC_IMPLICIT_RETAIN_SELF = YES;
				CLANG_WARN_OBJC_LITERAL_CONVERSION = YES;
				CLANG_WARN_OBJC_ROOT_CLASS = YES_ERROR;
				CLANG_WARN_QUOTED_INCLUDE_IN_FRAMEWORK_HEADER = YES;
				CLANG_WARN_RANGE_LOOP_ANALYSIS = YES;
				CLANG_WARN_STRICT_PROTOTYPES = YES;
				CLANG_WARN_SUSPICIOUS_MOVE = YES;
				CLANG_WARN_UNGUARDED_AVAILABILITY = YES_AGGRESSIVE;
				CLANG_WARN_UNREACHABLE_CODE = YES;
				CLANG_WARN__DUPLICATE_METHOD_MATCH = YES;
				COPY_PHASE_STRIP = NO;
				DEBUG_INFORMATION_FORMAT = "dwarf-with-dsym";
				DEVELOPMENT_TEAM = S4RSN4KFD3;
				ENABLE_NS_ASSERTIONS = NO;
				ENABLE_STRICT_OBJC_MSGSEND = YES;
				ENABLE_USER_SCRIPT_SANDBOXING = YES;
				GCC_C_LANGUAGE_STANDARD = gnu17;
				GCC_NO_COMMON_BLOCKS = YES;
				GCC_WARN_64_TO_32_BIT_CONVERSION = YES;
				GCC_WARN_ABOUT_RETURN_TYPE = YES_ERROR;
				GCC_WARN_UNDECLARED_SELECTOR = YES;
				GCC_WARN_UNINITIALIZED_AUTOS = YES_AGGRESSIVE;
				GCC_WARN_UNUSED_FUNCTION = YES;
				GCC_WARN_UNUSED_VARIABLE = YES;
				INFOPLIST_KEY_NSPhotoLibraryUsageDescription = "Allow access to the photo library so you can save and choose landmark photos for your passport.";
				INFOPLIST_KEY_NSSpeechRecognitionUsageDescription = "We use speech recognition to help users answer quiz questions with your voice.";
				IPHONEOS_DEPLOYMENT_TARGET = 26.2;
				LOCALIZATION_PREFERS_STRING_CATALOGS = YES;
				MTL_ENABLE_DEBUG_INFO = NO;
				MTL_FAST_MATH = YES;
				SDKROOT = iphoneos;
				SWIFT_COMPILATION_MODE = wholemodule;
				VALIDATE_PRODUCT = YES;
			};
			name = Release;
		};
		DE4ECE382F4F65D700D107CF /* Debug */ = {
			isa = XCBuildConfiguration;
			buildSettings = {
				ASSETCATALOG_COMPILER_APPICON_NAME = AppIcon;
				ASSETCATALOG_COMPILER_GLOBAL_ACCENT_COLOR_NAME = AccentColor;
				CODE_SIGN_ENTITLEMENTS = "Stamped! A City Passport/Stamped! A City Passport.entitlements";
				CODE_SIGN_IDENTITY = "Apple Development";
				CODE_SIGN_STYLE = Automatic;
				CURRENT_PROJECT_VERSION = 3.0;
				DEVELOPMENT_TEAM = S4RSN4KFD3;
				ENABLE_PREVIEWS = YES;
				GENERATE_INFOPLIST_FILE = YES;
				INFOPLIST_FILE = "Stamped--A-City-Passport-Info.plist";
				INFOPLIST_KEY_BuildingRegistryRemoteURL = "https://geoClink.github.io/Stamped-A-City-Passport/v1/registry.json";
				INFOPLIST_KEY_CFBundleDisplayName = "Stamped!";
				INFOPLIST_KEY_LSApplicationCategoryType = "public.app-category.travel";
				INFOPLIST_KEY_NSCameraUsageDescription = "Allow access to the camera so you can take picture of the landmark you are visiting!";
				INFOPLIST_KEY_NSLocationAlwaysAndWhenInUseUsageDescription = "Stamped! alerts you when you're near a landmark, even in the background.";
				INFOPLIST_KEY_NSLocationWhenInUseUsageDescription = "Stamped! shows nearby landmarks while you explore.";
				INFOPLIST_KEY_NSMicrophoneUsageDescription = "I need to hear your voice to check your quiz answers.";
				INFOPLIST_KEY_NSPhotoLibraryUsageDescription = "Allow access to the photo library so you can save and choose landmark photos for your passport.";
				INFOPLIST_KEY_NSSpeechRecognitionUsageDescription = "Allow speech recognition so that you can better answer quiz questions using your voice.";
				INFOPLIST_KEY_UIApplicationSceneManifest_Generation = YES;
				INFOPLIST_KEY_UIApplicationSupportsIndirectInputEvents = YES;
				INFOPLIST_KEY_UILaunchScreen_Generation = YES;
				INFOPLIST_KEY_UISupportedInterfaceOrientations = UIInterfaceOrientationPortrait;
				INFOPLIST_KEY_UISupportedInterfaceOrientations_iPad = "UIInterfaceOrientationLandscapeLeft UIInterfaceOrientationLandscapeRight UIInterfaceOrientationPortrait UIInterfaceOrientationPortraitUpsideDown";
				IPHONEOS_DEPLOYMENT_TARGET = 18.6;
				LD_RUNPATH_SEARCH_PATHS = (
					"$(inherited)",
					"@executable_path/Frameworks",
				);
				MARKETING_VERSION = 2.0;
				PRODUCT_BUNDLE_IDENTIFIER = "name.GeorgeClinkscales.Stamped--A-City-Passport";
				PRODUCT_NAME = "Stamped!";
				PROVISIONING_PROFILE_SPECIFIER = "";
				STRING_CATALOG_GENERATE_SYMBOLS = YES;
				SWIFT_APPROACHABLE_CONCURRENCY = YES;
				SWIFT_DEFAULT_ACTOR_ISOLATION = MainActor;
				SWIFT_EMIT_LOC_STRINGS = YES;
				SWIFT_UPCOMING_FEATURE_MEMBER_IMPORT_VISIBILITY = YES;
				SWIFT_VERSION = 5.0;
				TARGETED_DEVICE_FAMILY = "1,2";
			};
			name = Debug;
		};
		DE4ECE392F4F65D700D107CF /* Release */ = {
			isa = XCBuildConfiguration;
			buildSettings = {
				ASSETCATALOG_COMPILER_APPICON_NAME = AppIcon;
				ASSETCATALOG_COMPILER_GLOBAL_ACCENT_COLOR_NAME = AccentColor;
				CODE_SIGN_ENTITLEMENTS = "Stamped! A City Passport/Stamped! A City Passport.entitlements";
				CODE_SIGN_IDENTITY = "Apple Development";
				CODE_SIGN_STYLE = Automatic;
				CURRENT_PROJECT_VERSION = 3.0;
				DEVELOPMENT_TEAM = S4RSN4KFD3;
				ENABLE_PREVIEWS = YES;
				GENERATE_INFOPLIST_FILE = YES;
				INFOPLIST_FILE = "Stamped--A-City-Passport-Info.plist";
				INFOPLIST_KEY_BuildingRegistryRemoteURL = "https://geoClink.github.io/Stamped-A-City-Passport/v1/registry.json";
				INFOPLIST_KEY_CFBundleDisplayName = "Stamped!";
				INFOPLIST_KEY_LSApplicationCategoryType = "public.app-category.travel";
				INFOPLIST_KEY_NSCameraUsageDescription = "Allow access to the camera so you can take picture of the landmark you are visiting!";
				INFOPLIST_KEY_NSLocationAlwaysAndWhenInUseUsageDescription = "Stamped! alerts you when you're near a landmark, even in the background.";
				INFOPLIST_KEY_NSLocationWhenInUseUsageDescription = "Stamped! shows nearby landmarks while you explore.";
				INFOPLIST_KEY_NSMicrophoneUsageDescription = "I need to hear your voice to check your quiz answers.";
				INFOPLIST_KEY_NSPhotoLibraryUsageDescription = "Allow access to the photo library so you can save and choose landmark photos for your passport.";
				INFOPLIST_KEY_NSSpeechRecognitionUsageDescription = "Allow speech recognition so that you can better answer quiz questions using your voice.";
				INFOPLIST_KEY_UIApplicationSceneManifest_Generation = YES;
				INFOPLIST_KEY_UIApplicationSupportsIndirectInputEvents = YES;
				INFOPLIST_KEY_UILaunchScreen_Generation = YES;
				INFOPLIST_KEY_UISupportedInterfaceOrientations = UIInterfaceOrientationPortrait;
				INFOPLIST_KEY_UISupportedInterfaceOrientations_iPad = "UIInterfaceOrientationLandscapeLeft UIInterfaceOrientationLandscapeRight UIInterfaceOrientationPortrait UIInterfaceOrientationPortraitUpsideDown";
				IPHONEOS_DEPLOYMENT_TARGET = 18.6;
				LD_RUNPATH_SEARCH_PATHS = (
					"$(inherited)",
					"@executable_path/Frameworks",
				);
				MARKETING_VERSION = 2.0;
				PRODUCT_BUNDLE_IDENTIFIER = "name.GeorgeClinkscales.Stamped--A-City-Passport";
				PRODUCT_NAME = "Stamped!";
				PROVISIONING_PROFILE_SPECIFIER = "";
				STRING_CATALOG_GENERATE_SYMBOLS = YES;
				SWIFT_APPROACHABLE_CONCURRENCY = YES;
				SWIFT_DEFAULT_ACTOR_ISOLATION = MainActor;
				SWIFT_EMIT_LOC_STRINGS = YES;
				SWIFT_UPCOMING_FEATURE_MEMBER_IMPORT_VISIBILITY = YES;
				SWIFT_VERSION = 5.0;
				TARGETED_DEVICE_FAMILY = "1,2";
			};
			name = Release;
		};
/* End XCBuildConfiguration section */

/* Begin XCConfigurationList section */
		DE2C6FA1304CB5B000F657DA /* Build configuration list for PBXNativeTarget "PassportWidgetExtension" */ = {
			isa = XCConfigurationList;
			buildConfigurations = (
				DE2C6F9E304CB5B000F657DA /* Debug */,
				DE2C6F9F304CB5B000F657DA /* Release */,
			);
			defaultConfigurationIsVisible = 0;
			defaultConfigurationName = Release;
		};
		DE2C6FC8304D06E700F657DA /* Build configuration list for PBXNativeTarget "StampedTests" */ = {
			isa = XCConfigurationList;
			buildConfigurations = (
				DE2C6FC9304D06E700F657DA /* Debug */,
				DE2C6FCA304D06E700F657DA /* Release */,
			);
			defaultConfigurationIsVisible = 0;
			defaultConfigurationName = Release;
		};
		DE4ECE272F4F65D600D107CF /* Build configuration list for PBXProject "Stamped! A City Passport" */ = {
			isa = XCConfigurationList;
			buildConfigurations = (
				DE4ECE352F4F65D700D107CF /* Debug */,
				DE4ECE362F4F65D700D107CF /* Release */,
			);
			defaultConfigurationIsVisible = 0;
			defaultConfigurationName = Release;
		};
		DE4ECE372F4F65D700D107CF /* Build configuration list for PBXNativeTarget "Stamped! A City Passport" */ = {
			isa = XCConfigurationList;
			buildConfigurations = (
				DE4ECE382F4F65D700D107CF /* Debug */,
				DE4ECE392F4F65D700D107CF /* Release */,
			);
			defaultConfigurationIsVisible = 0;
			defaultConfigurationName = Release;
		};
/* End XCConfigurationList section */
	};
	rootObject = DE4ECE242F4F65D600D107CF /* Project object */;
}
